
Microsoft Visual Studio Solution File, Format Version 12.00
# Visual Studio Version 17
VisualStudioVersion = 17.7.34202.233
MinimumVisualStudioVersion = 10.0.40219.1
Project("{FAE04EC0-301F-11D3-BF4B-00C04F79EFBC}") = "Core", "Core\Core.csproj", "{38CC844B-52D7-463B-ADD3-EC38C1396E8C}"
EndProject
Project("{FAE04EC0-301F-11D3-BF4B-00C04F79EFBC}") = "Produtor", "Produtor\Produtor.csproj", "{41EE145C-5F7E-446B-82B6-240939F11D4A}"
EndProject
Project("{FAE04EC0-301F-11D3-BF4B-00C04F79EFBC}") = "Consumidor", "Consumidor\Consumidor.csproj", "{D1BE7811-29B9-449A-8E3D-D73E82EEEDD3}"
EndProject
Global
	GlobalSection(SolutionConfigurationPlatforms) = preSolution
		Debug|Any CPU = Debug|Any CPU
		Release|Any CPU = Release|Any CPU
	EndGlobalSection
	GlobalSection(ProjectConfigurationPlatforms) = postSolution
		{38CC844B-52D7-463B-ADD3-EC38C1396E8C}.Debug|Any CPU.ActiveCfg = Debug|Any CPU
		{38CC844B-52D7-463B-ADD3-EC38C1396E8C}.Debug|Any CPU.Build.0 = Debug|Any CPU
		{38CC844B-52D7-463B-ADD3-EC38C1396E8C}.Release|Any CPU.ActiveCfg = Release|Any CPU
		{38CC844B-52D7-463B-ADD3-EC38C1396E8C}.Release|Any CPU.Build.0 = Release|Any CPU
		{41EE145C-5F7E-446B-82B6-240939F11D4A}.Debug|Any CPU.ActiveCfg = Debug|Any CPU
		{41EE145C-5F7E-446B-82B6-240939F11D4A}.Debug|Any CPU.Build.0 = Debug|Any CPU
		{41EE145C-5F7E-446B-82B6-240939F11D4A}.Release|Any CPU.ActiveCfg = Release|Any CPU
		{41EE145C-5F7E-446B-82B6-240939F11D4A}.Release|Any CPU.Build.0 = Release|Any CPU
		{D1BE7811-29B9-449A-8E3D-D73E82EEEDD3}.Debug|Any CPU.ActiveCfg = Debug|Any CPU
		{D1BE7811-29B9-449A-8E3D-D73E82EEEDD3}.Debug|Any CPU.Build.0 = Debug|Any CPU
		{D1BE7811-29B9-449A-8E3D-D73E82EEEDD3}.Release|Any CPU.ActiveCfg = Release|Any CPU
		{D1BE7811-29B9-449A-8E3D-D73E82EEEDD3}.Release|Any CPU.Build.0 = Release|Any CPU
	EndGlobalSection
	GlobalSection(SolutionProperties) = preSolution
		HideSolutionNode = FALSE
	EndGlobalSection
	GlobalSection(ExtensibilityGlobals) = postSolution
		SolutionGuid = {93C90710-F609-4046-838B-A66FF92A0D1D}
	EndGlobalSection
EndGlobal
